Microsoft Visual Studio Solution File, Format Version 12.00
# Visual Studio Version 17
VisualStudioVersion = 17.5.2.0
MinimumVisualStudioVersion = 10.0.40219.1
Project("{2150E333-8FDC-42A3-9474-1A3956D46DE8}") = "revit-addon", "revit-addon", "{F903402C-3616-2168-F449-B19AD9878931}"
EndProject
Project("{FAE04EC0-301F-11D3-BF4B-00C04F79EFBC}") = "GigAi.RevitAddin", "revit-addon\GigAi.RevitAddin\GigAi.RevitAddin.csproj", "{E3D52D6E-C9E0-2A13-5CBC-136DFF778651}"
EndProject
Global
	GlobalSection(SolutionConfigurationPlatforms) = preSolution
		Debug|Any CPU = Debug|Any CPU
		Release|Any CPU = Release|Any CPU
	EndGlobalSection
	GlobalSection(ProjectConfigurationPlatforms) = postSolution
		{E3D52D6E-C9E0-2A13-5CBC-136DFF778651}.Debug|Any CPU.ActiveCfg = Debug|Any CPU
		{E3D52D6E-C9E0-2A13-5CBC-136DFF778651}.Debug|Any CPU.Build.0 = Debug|Any CPU
		{E3D52D6E-C9E0-2A13-5CBC-136DFF778651}.Release|Any CPU.ActiveCfg = Release|Any CPU
		{E3D52D6E-C9E0-2A13-5CBC-136DFF778651}.Release|Any CPU.Build.0 = Release|Any CPU
	EndGlobalSection
	GlobalSection(SolutionProperties) = preSolution
		HideSolutionNode = FALSE
	EndGlobalSection
	GlobalSection(NestedProjects) = preSolution
		{E3D52D6E-C9E0-2A13-5CBC-136DFF778651} = {F903402C-3616-2168-F449-B19AD9878931}
	EndGlobalSection
	GlobalSection(ExtensibilityGlobals) = postSolution
		SolutionGuid = {1F3B4BA1-2744-45D2-8C6B-2CFFF148B760}
	EndGlobalSection
EndGlobal
